{
  "name": "common",
  "lockfileVersion": 3,
  "requires": true,
  "packages": {
    "": {
      "dependencies": {
        "@hathora/hathora-cloud-sdk": "^0.0.3",
        "typescript-memoize": "^1.1.1"
      },
      "devDependencies": {
        "@types/node": "^18.15.11",
        "typescript": "^5.0.4"
      }
    },
    "../../hathora-cloud-sdks/typescript": {
      "name": "@hathora/hathora-cloud-sdk",
      "version": "0.0.1",
      "extraneous": true,
      "devDependencies": {
        "typescript": "^4.9.5"
      }
    },
    "node_modules/@hathora/hathora-cloud-sdk": {
      "version": "0.0.3",
      "resolved": "https://registry.npmjs.org/@hathora/hathora-cloud-sdk/-/hathora-cloud-sdk-0.0.3.tgz",
      "integrity": "sha512-ZpiOTRbawUTnEc6/8Z+gTDGYQcQRegoR20Bcmfd4ecr0tUzVu4j97iX+05CiSiMZySjWpzzlWJdCGarW4eAi2g=="
    },
    "node_modules/@types/node": {
      "version": "18.15.11",
      "resolved": "https://registry.npmjs.org/@types/node/-/node-18.15.11.tgz",
      "integrity": "sha512-E5Kwq2n4SbMzQOn6wnmBjuK9ouqlURrcZDVfbo9ftDDTFt3nk7ZKK4GMOzoYgnpQJKcxwQw+lGaBvvlMo0qN/Q==",
      "dev": true
    },
    "node_modules/typescript": {
      "version": "5.0.4",
      "resolved": "https://registry.npmjs.org/typescript/-/typescript-5.0.4.tgz",
      "integrity": "sha512-cW9T5W9xY37cc+jfEnaUvX91foxtHkza3Nw3wkoF4sSlKn0MONdkdEndig/qPBWXNkmplh3NzayQzCiHM4/hqw==",
      "dev": true,
      "bin": {
        "tsc": "bin/tsc",
        "tsserver": "bin/tsserver"
      },
      "engines": {
        "node": ">=12.20"
      }
    },
    "node_modules/typescript-memoize": {
      "version": "1.1.1",
      "resolved": "https://registry.npmjs.org/typescript-memoize/-/typescript-memoize-1.1.1.tgz",
      "integrity": "sha512-GQ90TcKpIH4XxYTI2F98yEQYZgjNMOGPpOgdjIBhaLaWji5HPWlRnZ4AeA1hfBxtY7bCGDJsqDDHk/KaHOl5bA=="
    }
  }
}
